<?xml version="1.0" encoding="utf-8"?>
<Project ToolsVersion="4.0" xmlns="http://schemas.microsoft.com/developer/msbuild/2003">
  <ItemGroup>
    <Filter Include="Header Files">
      <UniqueIdentifier>{93995380-89BD-4b04-88EB-625FBE52EBFB}</UniqueIdentifier>
      <Extensions>h;hpp;hxx;hm;inl;inc;xsd</Extensions>
    </Filter>
    <Filter Include="Header Files">
      <UniqueIdentifier>{93995380-89BD-4b04-88EB-625FBE52EBFB}</UniqueIdentifier>
      <Extensions>h;hpp;hxx;hm;inl;inc;xsd</Extensions>
    </Filter>
    <Filter Include="Source Files">
      <UniqueIdentifier>{4FC737F1-C7A5-4376-A066-2A32D752A2FF}</UniqueIdentifier>
      <Extensions>cpp;c;cxx;def;odl;idl;hpj;bat;asm;asmx</Extensions>
    </Filter>
    <Filter Include="Source Files">
      <UniqueIdentifier>{4FC737F1-C7A5-4376-A066-2A32D752A2FF}</UniqueIdentifier>
      <Extensions>cpp;c;cxx;def;odl;idl;hpj;bat;asm;asmx</Extensions>
    </Filter>
  </ItemGroup>
  <ItemGroup>
    <ClCompile Include="filter_screened_poisson_ml\Src\CmdLineParser.cpp">
      <Filter>Source Files</Filter>
    </ClCompile>
    <ClCompile Include="Color.cpp">
      <Filter>Source Files</Filter>
    </ClCompile>
    <ClCompile Include="CppMesh.cpp">
      <Filter>Source Files</Filter>
    </ClCompile>
    <ClCompile Include="Create.cpp">
      <Filter>Source Files</Filter>
    </ClCompile>
    <ClCompile Include="Decorator.cpp">
      <Filter>Source Files</Filter>
    </ClCompile>
    <ClCompile Include="filter_screened_poisson_ml\Src\Factor.cpp">
      <Filter>Source Files</Filter>
    </ClCompile>
    <ClCompile Include="FilterTest.cpp">
      <Filter>Source Files</Filter>
    </ClCompile>
    <ClCompile Include="FuncParser.cpp">
      <Filter>Source Files</Filter>
    </ClCompile>
    <ClCompile Include="filter_screened_poisson_ml\Src\Geometry.cpp">
      <Filter>Source Files</Filter>
    </ClCompile>
    <ClCompile Include="filter_screened_poisson_ml\Src\MarchingCubes.cpp">
      <Filter>Source Files</Filter>
    </ClCompile>
    <ClCompile Include="Measure.cpp">
      <Filter>Source Files</Filter>
    </ClCompile>
    <ClCompile Include="Meshing.cpp">
      <Filter>Source Files</Filter>
    </ClCompile>
    <ClCompile Include="filter_screened_poisson_ml\Src\PlyFile.cpp">
      <Filter>Source Files</Filter>
    </ClCompile>
    <ClCompile Include="Quality.cpp">
      <Filter>Source Files</Filter>
    </ClCompile>
    <ClCompile Include="Refine.cpp">
      <Filter>Source Files</Filter>
    </ClCompile>
    <ClCompile Include="Sampling.cpp">
      <Filter>Source Files</Filter>
    </ClCompile>
    <ClCompile Include="Selection.cpp">
      <Filter>Source Files</Filter>
    </ClCompile>
    <ClCompile Include="Transform.cpp">
      <Filter>Source Files</Filter>
    </ClCompile>
    <ClCompile Include="filter_screened_poisson_ml\filter_screened_poisson.cpp">
      <Filter>Source Files</Filter>
    </ClCompile>
    <ClCompile Include="muparser-2.2.5\src\muParser.cpp">
      <Filter>Source Files</Filter>
    </ClCompile>
    <ClCompile Include="muparser-2.2.5\src\muParserBase.cpp">
      <Filter>Source Files</Filter>
    </ClCompile>
    <ClCompile Include="muparser-2.2.5\src\muParserBytecode.cpp">
      <Filter>Source Files</Filter>
    </ClCompile>
    <ClCompile Include="muparser-2.2.5\src\muParserCallback.cpp">
      <Filter>Source Files</Filter>
    </ClCompile>
    <ClCompile Include="muparser-2.2.5\src\muParserDLL.cpp">
      <Filter>Source Files</Filter>
    </ClCompile>
    <ClCompile Include="muparser-2.2.5\src\muParserError.cpp">
      <Filter>Source Files</Filter>
    </ClCompile>
    <ClCompile Include="muparser-2.2.5\src\muParserInt.cpp">
      <Filter>Source Files</Filter>
    </ClCompile>
    <ClCompile Include="muparser-2.2.5\src\muParserTest.cpp">
      <Filter>Source Files</Filter>
    </ClCompile>
    <ClCompile Include="muparser-2.2.5\src\muParserTokenReader.cpp">
      <Filter>Source Files</Filter>
    </ClCompile>
    <ClCompile Include="..\..\vcglib\wrap\ply\plylib.cpp">
      <Filter>Source Files</Filter>
    </ClCompile>
  </ItemGroup>
  <ItemGroup>
    <ClInclude Include="filter_screened_poisson_ml\Src\Allocator.h">
      <Filter>Header Files</Filter>
    </ClInclude>
    <ClInclude Include="filter_screened_poisson_ml\Src\Array.h">
      <Filter>Header Files</Filter>
    </ClInclude>
    <ClInclude Include="filter_screened_poisson_ml\Src\BSplineData.h">
      <Filter>Header Files</Filter>
    </ClInclude>
    <ClInclude Include="filter_screened_poisson_ml\Src\BinaryNode.h">
      <Filter>Header Files</Filter>
    </ClInclude>
    <ClInclude Include="filter_screened_poisson_ml\Src\CmdLineParser.h">
      <Filter>Header Files</Filter>
    </ClInclude>
    <ClInclude Include="ColorHistogram.h">
      <Filter>Header Files</Filter>
    </ClInclude>
    <ClInclude Include="filter_screened_poisson_ml\Src\Factor.h">
      <Filter>Header Files</Filter>
    </ClInclude>
    <ClInclude Include="FilterTest.h">
      <Filter>Header Files</Filter>
    </ClInclude>
    <ClInclude Include="filter_screened_poisson_ml\Src\FunctionData.h">
      <Filter>Header Files</Filter>
    </ClInclude>
    <ClInclude Include="filter_screened_poisson_ml\Src\Geometry.h">
      <Filter>Header Files</Filter>
    </ClInclude>
    <ClInclude Include="filter_screened_poisson_ml\Src\Hash.h">
      <Filter>Header Files</Filter>
    </ClInclude>
    <ClInclude Include="filter_screened_poisson_ml\Src\MAT.h">
      <Filter>Header Files</Filter>
    </ClInclude>
    <ClInclude Include="filter_screened_poisson_ml\Src\MarchingCubes.h">
      <Filter>Header Files</Filter>
    </ClInclude>
    <ClInclude Include="filter_screened_poisson_ml\Src\MemoryUsage.h">
      <Filter>Header Files</Filter>
    </ClInclude>
    <ClInclude Include="filter_screened_poisson_ml\Src\MultiGridOctreeData.h">
      <Filter>Header Files</Filter>
    </ClInclude>
    <ClInclude Include="filter_screened_poisson_ml\Src\MyTime.h">
      <Filter>Header Files</Filter>
    </ClInclude>
    <ClInclude Include="filter_screened_poisson_ml\Src\Octree.h">
      <Filter>Header Files</Filter>
    </ClInclude>
    <ClInclude Include="filter_screened_poisson_ml\Src\PPolynomial.h">
      <Filter>Header Files</Filter>
    </ClInclude>
    <ClInclude Include="filter_screened_poisson_ml\Src\Ply.h">
      <Filter>Header Files</Filter>
    </ClInclude>
    <ClInclude Include="filter_screened_poisson_ml\Src\PlyFile.h">
      <Filter>Header Files</Filter>
    </ClInclude>
    <ClInclude Include="filter_screened_poisson_ml\Src\PointStream.h">
      <Filter>Header Files</Filter>
    </ClInclude>
    <ClInclude Include="filter_screened_poisson_ml\Src\Polynomial.h">
      <Filter>Header Files</Filter>
    </ClInclude>
    <ClInclude Include="filter_screened_poisson_ml\Src\SparseMatrix.h">
      <Filter>Header Files</Filter>
    </ClInclude>
    <ClInclude Include="filter_screened_poisson_ml\Src\Vector.h">
      <Filter>Header Files</Filter>
    </ClInclude>
    <ClInclude Include="mesh_def.h">
      <Filter>Header Files</Filter>
    </ClInclude>
    <ClInclude Include="muparser-2.2.5\include\muParser.h">
      <Filter>Header Files</Filter>
    </ClInclude>
    <ClInclude Include="muparser-2.2.5\include\muParserBase.h">
      <Filter>Header Files</Filter>
    </ClInclude>
    <ClInclude Include="muparser-2.2.5\include\muParserBytecode.h">
      <Filter>Header Files</Filter>
    </ClInclude>
    <ClInclude Include="muparser-2.2.5\include\muParserCallback.h">
      <Filter>Header Files</Filter>
    </ClInclude>
    <ClInclude Include="muparser-2.2.5\include\muParserDLL.h">
      <Filter>Header Files</Filter>
    </ClInclude>
    <ClInclude Include="muparser-2.2.5\include\muParserDef.h">
      <Filter>Header Files</Filter>
    </ClInclude>
    <ClInclude Include="muparser-2.2.5\include\muParserError.h">
      <Filter>Header Files</Filter>
    </ClInclude>
    <ClInclude Include="muparser-2.2.5\include\muParserFixes.h">
      <Filter>Header Files</Filter>
    </ClInclude>
    <ClInclude Include="muparser-2.2.5\include\muParserInt.h">
      <Filter>Header Files</Filter>
    </ClInclude>
    <ClInclude Include="muparser-2.2.5\include\muParserStack.h">
      <Filter>Header Files</Filter>
    </ClInclude>
    <ClInclude Include="muparser-2.2.5\include\muParserTemplateMagic.h">
      <Filter>Header Files</Filter>
    </ClInclude>
    <ClInclude Include="muparser-2.2.5\include\muParserTest.h">
      <Filter>Header Files</Filter>
    </ClInclude>
    <ClInclude Include="muparser-2.2.5\include\muParserToken.h">
      <Filter>Header Files</Filter>
    </ClInclude>
    <ClInclude Include="muparser-2.2.5\include\muParserTokenReader.h">
      <Filter>Header Files</Filter>
    </ClInclude>
  </ItemGroup>
</Project>